<?xml version="1.0" encoding="UTF-8" standalone="yes" ?>
<CodeBlocks_project_file>
	<FileVersion major="1" minor="6" />
	<Project>
		<Option title="SerenityEngine" />
		<Option pch_mode="2" />
		<Option compiler="gcc" />
		<Build>
			<Target title="Debug">
				<Option output="bin/Debug/SerenityEngine" prefix_auto="1" extension_auto="1" />
				<Option object_output="obj/Debug/" />
				<Option type="0" />
				<Option compiler="gcc" />
				<Option projectLinkerOptionsRelation="2" />
				<Compiler>
					<Add option="-g" />
				</Compiler>
			</Target>
			<Target title="Release">
				<Option output="bin/Release/SerenityEngine" prefix_auto="1" extension_auto="1" />
				<Option object_output="obj/Release/" />
				<Option type="0" />
				<Option compiler="gcc" />
				<Option projectLinkerOptionsRelation="2" />
				<Compiler>
					<Add option="-O2" />
				</Compiler>
				<Linker>
					<Add option="-s" />
				</Linker>
			</Target>
		</Build>
		<Compiler>
			<Add option="-Wall" />
			<Add option="`wx-config --cflags` `pkg-config --cflags gtk+-3.0`" />
			<Add directory="/home/n00b/Projects/irrlicht-svn/include" />
			<Add directory="/usr/include/freetype2" />
			<Add directory="/home/n00b/Projects/an8-parser" />
		</Compiler>
		<Linker>
			<Add option="`wx-config --libs std,stc,aui,propgrid,ribbon,richtext` `pkg-config --libs gtk+-3.0` -lfreetype -Wl,--allow-multiple-definition" />
			<Add library="EGL" />
			<Add library="GL" />
			<Add library="Xxf86vm" />
			<Add library="/home/n00b/Projects/irrlicht-svn/lib/Linux/libIrrlicht.so" />
			<Add directory="/home/n00b/Projects/irrlicht-svn/lib/Linux" />
		</Linker>
		<Unit filename="CGridSceneNode.cpp" />
		<Unit filename="CGridSceneNode.h" />
		<Unit filename="Serenity3D_Editor.cpp" />
		<Unit filename="Serenity3D_Editor.h" />
		<Unit filename="SerenityEditorSerenity3D_Frame.cpp" />
		<Unit filename="SerenityEditorSerenity3D_Frame.h" />
		<Unit filename="SerenityEditor_AddMaterial_Dialog.cpp" />
		<Unit filename="SerenityEditor_AddMaterial_Dialog.h" />
		<Unit filename="SerenityEditor_AddMesh_Dialog.cpp" />
		<Unit filename="SerenityEditor_AddMesh_Dialog.h" />
		<Unit filename="SerenityEditor_AddTexture_Dialog.cpp" />
		<Unit filename="SerenityEditor_AddTexture_Dialog.h" />
		<Unit filename="SerenityEditor_CreateStageGroup_Dialog.cpp" />
		<Unit filename="SerenityEditor_CreateStageGroup_Dialog.h" />
		<Unit filename="SerenityEditor_DeleteGroupAlert_Dialog.cpp" />
		<Unit filename="SerenityEditor_DeleteGroupAlert_Dialog.h" />
		<Unit filename="SerenityEditor_DeleteStageAlert_Dialog.cpp" />
		<Unit filename="SerenityEditor_DeleteStageAlert_Dialog.h" />
		<Unit filename="SerenityEditor_EditStageGroup_Dialog.cpp" />
		<Unit filename="SerenityEditor_EditStageGroup_Dialog.h" />
		<Unit filename="SerenityEditor_MaterialPreviewSettings_Dialog.cpp" />
		<Unit filename="SerenityEditor_MaterialPreviewSettings_Dialog.h" />
		<Unit filename="SerenityEditor_NewOctree_Dialog.cpp" />
		<Unit filename="SerenityEditor_NewOctree_Dialog.h" />
		<Unit filename="SerenityEditor_NewProject_Dialog.cpp" />
		<Unit filename="SerenityEditor_NewProject_Dialog.h" />
		<Unit filename="SerenityEditor_NewStage_Dialog.cpp" />
		<Unit filename="SerenityEditor_NewStage_Dialog.h" />
		<Unit filename="SerenityEditor_SetMaterialPreviewMesh_Dialog.cpp" />
		<Unit filename="SerenityEditor_SetMaterialPreviewMesh_Dialog.h" />
		<Unit filename="SerenityEditor_SetMaterialTextureLevel_Dialog.cpp" />
		<Unit filename="SerenityEditor_SetMaterialTextureLevel_Dialog.h" />
		<Unit filename="SerenityEditor_SetMeshMaterialLevel_Dialog.cpp" />
		<Unit filename="SerenityEditor_SetMeshMaterialLevel_Dialog.h" />
		<Unit filename="SerenityEngineApp.cpp" />
		<Unit filename="SerenityEngineApp.h" />
		<Unit filename="SerenityEngineMain.cpp" />
		<Unit filename="SerenityEngineMain.h" />
		<Unit filename="camera.cpp" />
		<Unit filename="camera.h" />
		<Unit filename="engine_base.cpp" />
		<Unit filename="engine_base.h" />
		<Unit filename="gui_freetype_font.cpp" />
		<Unit filename="gui_freetype_font.h" />
		<Unit filename="rc_camera.h" />
		<Unit filename="rc_defines.h" />
		<Unit filename="rc_font.h" />
		<Unit filename="rc_gfx.h" />
		<Unit filename="rc_gfx_core.h" />
		<Unit filename="rc_stage.cpp" />
		<Unit filename="rc_stage.h" />
		<Unit filename="rc_utf8.h" />
		<Unit filename="wxIrrlicht.cpp" />
		<Unit filename="wxIrrlicht.h" />
		<Extensions />
	</Project>
</CodeBlocks_project_file>
